version = 1
revision = 3
requires-python = ">=3.12"

[[package]]
name = "colorama"
version = "0.4.6"
source = { registry = "https://us-central1-python.pkg.dev/zge-main/zge-python-repo/simple/" }
sdist = { url = "https://us-central1-python.pkg.dev/zge-main/zge-python-repo/colorama/colorama-0.4.6.tar.gz", hash = "sha256:08695f5cb7ed6e0531a20572697297273c47b8cae5a63ffc6d6ed5c201be6e44" }
wheels = [
    { url = "https://us-central1-python.pkg.dev/zge-main/zge-python-repo/colorama/colorama-0.4.6-py2.py3-none-any.whl", hash = "sha256:4f1d9991f5acc0ca119f9d443620b77f9d6b33703e51011c16baf57afb285fc6" },
]

[[package]]
name = "grc-data-augmentation"
version = "0.1.0"
source = { virtual = "." }
dependencies = [
    { name = "numpy" },
    { name = "scipy" },
]

[package.optional-dependencies]
dev = [
    { name = "pytest" },
    { name = "ruff" },
]

[package.metadata]
requires-dist = [
    { name = "numpy", specifier = ">=1.26" },
    { name = "pytest", marker = "extra == 'dev'", specifier = ">=8.0" },
    { name = "ruff", marker = "extra == 'dev'", specifier = ">=0.9" },
    { name = "scipy", specifier = ">=1.12" },
]
provides-extras = ["dev"]

[[package]]
name = "iniconfig"
version = "2.3.0"
source = { registry = "https://us-central1-python.pkg.dev/zge-main/zge-python-repo/simple/" }
sdist = { url = "https://us-central1-python.pkg.dev/zge-main/zge-python-repo/iniconfig/iniconfig-2.3.0.tar.gz", hash = "sha256:c76315c77db068650d49c5b56314774a7804df16fee4402c1f19d6d15d8c4730" }
wheels = [
    { url = "https://us-central1-python.pkg.dev/zge-main/zge-python-repo/iniconfig/iniconfig-2.3.0-py3-none-any.whl", hash = "sha256:f631c04d2c48c52b84d0d0549c99ff3859c98df65b3101406327ecc7d53fbf12" },
]

[[package]]
name = "numpy"
version = "2.4.2"
source = { registry = "https://us-central1-python.pkg.dev/zge-main/zge-python-repo/simple/" }
sdist = { url = "https://us-central1-python.pkg.dev/zge-main/zge-python-repo/numpy/numpy-2.4.2.tar.gz", hash = "sha256:659a6107e31a83c4e33f763942275fd278b21d095094044eb35569e86a21ddae" }
wheels = [
    { url = "https://us-central1-python.pkg.dev/zge-main/zge-python-repo/numpy/numpy-2.4.2-cp312-cp312-macosx_10_13_x86_64.whl", hash = "sha256:21982668592194c609de53ba4933a7471880ccbaadcc52352694a59ecc860b3a" },
    { url = "https://us-central1-python.pkg.dev/zge-main/zge-python-repo/numpy/numpy-2.4.2-cp312-cp312-macosx_11_0_arm64.whl", hash = "sha256:40397bda92382fcec844066efb11f13e1c9a3e2a8e8f318fb72ed8b6db9f60f1" },
    { url = "https://us-central1-python.pkg.dev/zge-main/zge-python-repo/numpy/numpy-2.4.2-cp312-cp312-macosx_14_0_arm64.whl", hash = "sha256:b3a24467af63c67829bfaa61eecf18d5432d4f11992688537be59ecd6ad32f5e" },
    { url = "https://us-central1-python.pkg.dev/zge-main/zge-python-repo/numpy/numpy-2.4.2-cp312-cp312-macosx_14_0_x86_64.whl", hash = "sha256:805cc8de9fd6e7a22da5aed858e0ab16be5a4db6c873dde1d7451c541553aa27" },
    { url = "https://us-central1-python.pkg.dev/zge-main/zge-python-repo/numpy/numpy-2.4.2-cp312-cp312-manylinux_2_27_aarch64.manylinux_2_28_aarch64.whl", hash = "sha256:6d82351358ffbcdcd7b686b90742a9b86632d6c1c051016484fa0b326a0a1548" },
    { url = "https://us-central1-python.pkg.dev/zge-main/zge-python-repo/numpy/numpy-2.4.2-cp312-cp312-manylinux_2_27_x86_64.manylinux_2_28_x86_64.whl", hash = "sha256:9e35d3e0144137d9fdae62912e869136164534d64a169f86438bc9561b6ad49f" },
    { url = "https://us-central1-python.pkg.dev/zge-main/zge-python-repo/numpy/numpy-2.4.2-cp312-cp312-musllinux_1_2_aarch64.whl", hash = "sha256:adb6ed2ad29b9e15321d167d152ee909ec73395901b70936f029c3bc6d7f4460" },
    { url = "https://us-central1-python.pkg.dev/zge-main/zge-python-repo/numpy/numpy-2.4.2-cp312-cp312-musllinux_1_2_x86_64.whl", hash = "sha256:8906e71fd8afcb76580404e2a950caef2685df3d2a57fe82a86ac8d33cc007ba" },
    { url = "https://us-central1-python.pkg.dev/zge-main/zge-python-repo/numpy/numpy-2.4.2-cp312-cp312-win32.whl", hash = "sha256:ec055f6dae239a6299cace477b479cca2fc125c5675482daf1dd886933a1076f" },
    { url = "https://us-central1-python.pkg.dev/zge-main/zge-python-repo/numpy/numpy-2.4.2-cp312-cp312-win_amd64.whl", hash = "sha256:209fae046e62d0ce6435fcfe3b1a10537e858249b3d9b05829e2a05218296a85" },
    { url = "https://us-central1-python.pkg.dev/zge-main/zge-python-repo/numpy/numpy-2.4.2-cp312-cp312-win_arm64.whl", hash = "sha256:fbde1b0c6e81d56f5dccd95dd4a711d9b95df1ae4009a60887e56b27e8d903fa" },
    { url = "https://us-central1-python.pkg.dev/zge-main/zge-python-repo/numpy/numpy-2.4.2-cp313-cp313-macosx_10_13_x86_64.whl", hash = "sha256:25f2059807faea4b077a2b6837391b5d830864b3543627f381821c646f31a63c" },
    { url = "https://us-central1-python.pkg.dev/zge-main/zge-python-repo/numpy/numpy-2.4.2-cp313-cp313-macosx_11_0_arm64.whl", hash = "sha256:bd3a7a9f5847d2fb8c2c6d1c862fa109c31a9abeca1a3c2bd5a64572955b2979" },
    { url = "https://us-central1-python.pkg.dev/zge-main/zge-python-repo/numpy/numpy-2.4.2-cp313-cp313-macosx_14_0_arm64.whl", hash = "sha256:8e4549f8a3c6d13d55041925e912bfd834285ef1dd64d6bc7d542583355e2e98" },
    { url = "https://us-central1-python.pkg.dev/zge-main/zge-python-repo/numpy/numpy-2.4.2-cp313-cp313-macosx_14_0_x86_64.whl", hash = "sha256:aea4f66ff44dfddf8c2cffd66ba6538c5ec67d389285292fe428cb2c738c8aef" },
    { url = "https://us-central1-python.pkg.dev/zge-main/zge-python-repo/numpy/numpy-2.4.2-cp313-cp313-manylinux_2_27_aarch64.manylinux_2_28_aarch64.whl", hash = "sha256:c3cd545784805de05aafe1dde61752ea49a359ccba9760c1e5d1c88a93bbf2b7" },
    { url = "https://us-central1-python.pkg.dev/zge-main/zge-python-repo/numpy/numpy-2.4.2-cp313-cp313-manylinux_2_27_x86_64.manylinux_2_28_x86_64.whl", hash = "sha256:d0d9b7c93578baafcbc5f0b83eaf17b79d345c6f36917ba0c67f45226911d499" },
    { url = "https://us-central1-python.pkg.dev/zge-main/zge-python-repo/numpy/numpy-2.4.2-cp313-cp313-musllinux_1_2_aarch64.whl", hash = "sha256:f74f0f7779cc7ae07d1810aab8ac6b1464c3eafb9e283a40da7309d5e6e48fbb" },
    { url = "https://us-central1-python.pkg.dev/zge-main/zge-python-repo/numpy/numpy-2.4.2-cp313-cp313-musllinux_1_2_x86_64.whl", hash = "sha256:c7ac672d699bf36275c035e16b65539931347d68b70667d28984c9fb34e07fa7" },
    { url = "https://us-central1-python.pkg.dev/zge-main/zge-python-repo/numpy/numpy-2.4.2-cp313-cp313-win32.whl", hash = "sha256:8e9afaeb0beff068b4d9cd20d322ba0ee1cecfb0b08db145e4ab4dd44a6b5110" },
    { url = "https://us-central1-python.pkg.dev/zge-main/zge-python-repo/numpy/numpy-2.4.2-cp313-cp313-win_amd64.whl", hash = "sha256:7df2de1e4fba69a51c06c28f5a3de36731eb9639feb8e1cf7e4a7b0daf4cf622" },
    { url = "https://us-central1-python.pkg.dev/zge-main/zge-python-repo/numpy/numpy-2.4.2-cp313-cp313-win_arm64.whl", hash = "sha256:0fece1d1f0a89c16b03442eae5c56dc0be0c7883b5d388e0c03f53019a4bfd71" },
    { url = "https://us-central1-python.pkg.dev/zge-main/zge-python-repo/numpy/numpy-2.4.2-cp313-cp313t-macosx_11_0_arm64.whl", hash = "sha256:5633c0da313330fd20c484c78cdd3f9b175b55e1a766c4a174230c6b70ad8262" },
    { url = "https://us-central1-python.pkg.dev/zge-main/zge-python-repo/numpy/numpy-2.4.2-cp313-cp313t-macosx_14_0_arm64.whl", hash = "sha256:d9f64d786b3b1dd742c946c42d15b07497ed14af1a1f3ce840cce27daa0ce913" },
    { url = "https://us-central1-python.pkg.dev/zge-main/zge-python-repo/numpy/numpy-2.4.2-cp313-cp313t-macosx_14_0_x86_64.whl", hash = "sha256:b21041e8cb6a1eb5312dd1d2f80a94d91efffb7a06b70597d44f1bd2dfc315ab" },
    { url = "https://us-central1-python.pkg.dev/zge-main/zge-python-repo/numpy/numpy-2.4.2-cp313-cp313t-manylinux_2_27_aarch64.manylinux_2_28_aarch64.whl", hash = "sha256:00ab83c56211a1d7c07c25e3217ea6695e50a3e2f255053686b081dc0b091a82" },
    { url = "https://us-central1-python.pkg.dev/zge-main/zge-python-repo/numpy/numpy-2.4.2-cp313-cp313t-manylinux_2_27_x86_64.manylinux_2_28_x86_64.whl", hash = "sha256:2fb882da679409066b4603579619341c6d6898fc83a8995199d5249f986e8e8f" },
    { url = "https://us-central1-python.pkg.dev/zge-main/zge-python-repo/numpy/numpy-2.4.2-cp313-cp313t-musllinux_1_2_aarch64.whl", hash = "sha256:66cb9422236317f9d44b67b4d18f44efe6e9c7f8794ac0462978513359461554" },
    { url = "https://us-central1-python.pkg.dev/zge-main/zge-python-repo/numpy/numpy-2.4.2-cp313-cp313t-musllinux_1_2_x86_64.whl", hash = "sha256:0f01dcf33e73d80bd8dc0f20a71303abbafa26a19e23f6b68d1aa9990af90257" },
    { url = "https://us-central1-python.pkg.dev/zge-main/zge-python-repo/numpy/numpy-2.4.2-cp313-cp313t-win32.whl", hash = "sha256:52b913ec40ff7ae845687b0b34d8d93b60cb66dcee06996dd5c99f2fc9328657" },
    { url = "https://us-central1-python.pkg.dev/zge-main/zge-python-repo/numpy/numpy-2.4.2-cp313-cp313t-win_amd64.whl", hash = "sha256:5eea80d908b2c1f91486eb95b3fb6fab187e569ec9752ab7d9333d2e66bf2d6b" },
    { url = "https://us-central1-python.pkg.dev/zge-main/zge-python-repo/numpy/numpy-2.4.2-cp313-cp313t-win_arm64.whl", hash = "sha256:fd49860271d52127d61197bb50b64f58454e9f578cb4b2c001a6de8b1f50b0b1" },
    { url = "https://us-central1-python.pkg.dev/zge-main/zge-python-repo/numpy/numpy-2.4.2-cp314-cp314-macosx_10_15_x86_64.whl", hash = "sha256:444be170853f1f9d528428eceb55f12918e4fda5d8805480f36a002f1415e09b" },
    { url = "https://us-central1-python.pkg.dev/zge-main/zge-python-repo/numpy/numpy-2.4.2-cp314-cp314-macosx_11_0_arm64.whl", hash = "sha256:d1240d50adff70c2a88217698ca844723068533f3f5c5fa6ee2e3220e3bdb000" },
    { url = "https://us-central1-python.pkg.dev/zge-main/zge-python-repo/numpy/numpy-2.4.2-cp314-cp314-macosx_14_0_arm64.whl", hash = "sha256:7cdde6de52fb6664b00b056341265441192d1291c130e99183ec0d4b110ff8b1" },
    { url = "https://us-central1-python.pkg.dev/zge-main/zge-python-repo/numpy/numpy-2.4.2-cp314-cp314-macosx_14_0_x86_64.whl", hash = "sha256:cda077c2e5b780200b6b3e09d0b42205a3d1c68f30c6dceb90401c13bff8fe74" },
    { url = "https://us-central1-python.pkg.dev/zge-main/zge-python-repo/numpy/numpy-2.4.2-cp314-cp314-manylinux_2_27_aarch64.manylinux_2_28_aarch64.whl", hash = "sha256:d30291931c915b2ab5717c2974bb95ee891a1cf22ebc16a8006bd59cd210d40a" },
    { url = "https://us-central1-python.pkg.dev/zge-main/zge-python-repo/numpy/numpy-2.4.2-cp314-cp314-manylinux_2_27_x86_64.manylinux_2_28_x86_64.whl", hash = "sha256:bba37bc29d4d85761deed3954a1bc62be7cf462b9510b51d367b769a8c8df325" },
    { url = "https://us-central1-python.pkg.dev/zge-main/zge-python-repo/numpy/numpy-2.4.2-cp314-cp314-musllinux_1_2_aarch64.whl", hash = "sha256:b2f0073ed0868db1dcd86e052d37279eef185b9c8db5bf61f30f46adac63c909" },
    { url = "https://us-central1-python.pkg.dev/zge-main/zge-python-repo/numpy/numpy-2.4.2-cp314-cp314-musllinux_1_2_x86_64.whl", hash = "sha256:7f54844851cdb630ceb623dcec4db3240d1ac13d4990532446761baede94996a" },
    { url = "https://us-central1-python.pkg.dev/zge-main/zge-python-repo/numpy/numpy-2.4.2-cp314-cp314-win32.whl", hash = "sha256:12e26134a0331d8dbd9351620f037ec470b7c75929cb8a1537f6bfe411152a1a" },
    { url = "https://us-central1-python.pkg.dev/zge-main/zge-python-repo/numpy/numpy-2.4.2-cp314-cp314-win_amd64.whl", hash = "sha256:068cdb2d0d644cdb45670810894f6a0600797a69c05f1ac478e8d31670b8ee75" },
    { url = "https://us-central1-python.pkg.dev/zge-main/zge-python-repo/numpy/numpy-2.4.2-cp314-cp314-win_arm64.whl", hash = "sha256:6ed0be1ee58eef41231a5c943d7d1375f093142702d5723ca2eb07db9b934b05" },
    { url = "https://us-central1-python.pkg.dev/zge-main/zge-python-repo/numpy/numpy-2.4.2-cp314-cp314t-macosx_11_0_arm64.whl", hash = "sha256:98f16a80e917003a12c0580f97b5f875853ebc33e2eaa4bccfc8201ac6869308" },
    { url = "https://us-central1-python.pkg.dev/zge-main/zge-python-repo/numpy/numpy-2.4.2-cp314-cp314t-macosx_14_0_arm64.whl", hash = "sha256:20abd069b9cda45874498b245c8015b18ace6de8546bf50dfa8cea1696ed06ef" },
    { url = "https://us-central1-python.pkg.dev/zge-main/zge-python-repo/numpy/numpy-2.4.2-cp314-cp314t-macosx_14_0_x86_64.whl", hash = "sha256:e98c97502435b53741540a5717a6749ac2ada901056c7db951d33e11c885cc7d" },
    { url = "https://us-central1-python.pkg.dev/zge-main/zge-python-repo/numpy/numpy-2.4.2-cp314-cp314t-manylinux_2_27_aarch64.manylinux_2_28_aarch64.whl", hash = "sha256:da6cad4e82cb893db4b69105c604d805e0c3ce11501a55b5e9f9083b47d2ffe8" },
    { url = "https://us-central1-python.pkg.dev/zge-main/zge-python-repo/numpy/numpy-2.4.2-cp314-cp314t-manylinux_2_27_x86_64.manylinux_2_28_x86_64.whl", hash = "sha256:9e4424677ce4b47fe73c8b5556d876571f7c6945d264201180db2dc34f676ab5" },
    { url = "https://us-central1-python.pkg.dev/zge-main/zge-python-repo/numpy/numpy-2.4.2-cp314-cp314t-musllinux_1_2_aarch64.whl", hash = "sha256:2b8f157c8a6f20eb657e240f8985cc135598b2b46985c5bccbde7616dc9c6b1e" },
    { url = "https://us-central1-python.pkg.dev/zge-main/zge-python-repo/numpy/numpy-2.4.2-cp314-cp314t-musllinux_1_2_x86_64.whl", hash = "sha256:5daf6f3914a733336dab21a05cdec343144600e964d2fcdabaac0c0269874b2a" },
    { url = "https://us-central1-python.pkg.dev/zge-main/zge-python-repo/numpy/numpy-2.4.2-cp314-cp314t-win32.whl", hash = "sha256:8c50dd1fc8826f5b26a5ee4d77ca55d88a895f4e4819c7ecc2a9f5905047a443" },
    { url = "https://us-central1-python.pkg.dev/zge-main/zge-python-repo/numpy/numpy-2.4.2-cp314-cp314t-win_amd64.whl", hash = "sha256:fcf92bee92742edd401ba41135185866f7026c502617f422eb432cfeca4fe236" },
    { url = "https://us-central1-python.pkg.dev/zge-main/zge-python-repo/numpy/numpy-2.4.2-cp314-cp314t-win_arm64.whl", hash = "sha256:1f92f53998a17265194018d1cc321b2e96e900ca52d54c7c77837b71b9465181" },
]

[[package]]
name = "packaging"
version = "26.0"
source = { registry = "https://us-central1-python.pkg.dev/zge-main/zge-python-repo/simple/" }
sdist = { url = "https://us-central1-python.pkg.dev/zge-main/zge-python-repo/packaging/packaging-26.0.tar.gz", hash = "sha256:00243ae351a257117b6a241061796684b084ed1c516a08c48a3f7e147a9d80b4" }
wheels = [
    { url = "https://us-central1-python.pkg.dev/zge-main/zge-python-repo/packaging/packaging-26.0-py3-none-any.whl", hash = "sha256:b36f1fef9334a5588b4166f8bcd26a14e521f2b55e6b9de3aaa80d3ff7a37529" },
]

[[package]]
name = "pluggy"
version = "1.6.0"
source = { registry = "https://us-central1-python.pkg.dev/zge-main/zge-python-repo/simple/" }
sdist = { url = "https://us-central1-python.pkg.dev/zge-main/zge-python-repo/pluggy/pluggy-1.6.0.tar.gz", hash = "sha256:7dcc130b76258d33b90f61b658791dede3486c3e6bfb003ee5c9bfb396dd22f3" }
wheels = [
    { url = "https://us-central1-python.pkg.dev/zge-main/zge-python-repo/pluggy/pluggy-1.6.0-py3-none-any.whl", hash = "sha256:e920276dd6813095e9377c0bc5566d94c932c33b27a3e3945d8389c374dd4746" },
]

[[package]]
name = "pygments"
version = "2.19.2"
source = { registry = "https://us-central1-python.pkg.dev/zge-main/zge-python-repo/simple/" }
sdist = { url = "https://us-central1-python.pkg.dev/zge-main/zge-python-repo/pygments/pygments-2.19.2.tar.gz", hash = "sha256:636cb2477cec7f8952536970bc533bc43743542f70392ae026374600add5b887" }
wheels = [
    { url = "https://us-central1-python.pkg.dev/zge-main/zge-python-repo/pygments/pygments-2.19.2-py3-none-any.whl", hash = "sha256:86540386c03d588bb81d44bc3928634ff26449851e99741617ecb9037ee5ec0b" },
]

[[package]]
name = "pytest"
version = "9.0.2"
source = { registry = "https://us-central1-python.pkg.dev/zge-main/zge-python-repo/simple/" }
dependencies = [
    { name = "colorama", marker = "sys_platform == 'win32'" },
    { name = "iniconfig" },
    { name = "packaging" },
    { name = "pluggy" },
    { name = "pygments" },
]
sdist = { url = "https://us-central1-python.pkg.dev/zge-main/zge-python-repo/pytest/pytest-9.0.2.tar.gz", hash = "sha256:75186651a92bd89611d1d9fc20f0b4345fd827c41ccd5c299a868a05d70edf11" }
wheels = [
    { url = "https://us-central1-python.pkg.dev/zge-main/zge-python-repo/pytest/pytest-9.0.2-py3-none-any.whl", hash = "sha256:711ffd45bf766d5264d487b917733b453d917afd2b0ad65223959f59089f875b" },
]

[[package]]
name = "ruff"
version = "0.15.4"
source = { registry = "https://us-central1-python.pkg.dev/zge-main/zge-python-repo/simple/" }
sdist = { url = "https://us-central1-python.pkg.dev/zge-main/zge-python-repo/ruff/ruff-0.15.4.tar.gz", hash = "sha256:3412195319e42d634470cc97aa9803d07e9d5c9223b99bcb1518f0c725f26ae1" }
wheels = [
    { url = "https://us-central1-python.pkg.dev/zge-main/zge-python-repo/ruff/ruff-0.15.4-py3-none-linux_armv6l.whl", hash = "sha256:a1810931c41606c686bae8b5b9a8072adac2f611bb433c0ba476acba17a332e0" },
    { url = "https://us-central1-python.pkg.dev/zge-main/zge-python-repo/ruff/ruff-0.15.4-py3-none-macosx_10_12_x86_64.whl", hash = "sha256:5a1632c66672b8b4d3e1d1782859e98d6e0b4e70829530666644286600a33992" },
    { url = "https://us-central1-python.pkg.dev/zge-main/zge-python-repo/ruff/ruff-0.15.4-py3-none-macosx_11_0_arm64.whl", hash = "sha256:a4386ba2cd6c0f4ff75252845906acc7c7c8e1ac567b7bc3d373686ac8c222ba" },
    { url = "https://us-central1-python.pkg.dev/zge-main/zge-python-repo/ruff/ruff-0.15.4-py3-none-manylinux_2_17_aarch64.manylinux2014_aarch64.whl", hash = "sha256:b2496488bdfd3732747558b6f95ae427ff066d1fcd054daf75f5a50674411e75" },
    { url = "https://us-central1-python.pkg.dev/zge-main/zge-python-repo/ruff/ruff-0.15.4-py3-none-manylinux_2_17_armv7l.manylinux2014_armv7l.whl", hash = "sha256:3f1c4893841ff2d54cbda1b2860fa3260173df5ddd7b95d370186f8a5e66a4ac" },
    { url = "https://us-central1-python.pkg.dev/zge-main/zge-python-repo/ruff/ruff-0.15.4-py3-none-manylinux_2_17_i686.manylinux2014_i686.whl", hash = "sha256:820b8766bd65503b6c30aaa6331e8ef3a6e564f7999c844e9a547c40179e440a" },
    { url = "https://us-central1-python.pkg.dev/zge-main/zge-python-repo/ruff/ruff-0.15.4-py3-none-manylinux_2_17_ppc64le.manylinux2014_ppc64le.whl", hash = "sha256:c9fb74bab47139c1751f900f857fa503987253c3ef89129b24ed375e72873e85" },
    { url = "https://us-central1-python.pkg.dev/zge-main/zge-python-repo/ruff/ruff-0.15.4-py3-none-manylinux_2_17_s390x.manylinux2014_s390x.whl", hash = "sha256:f80c98765949c518142b3a50a5db89343aa90f2c2bf7799de9986498ae6176db" },
    { url = "https://us-central1-python.pkg.dev/zge-main/zge-python-repo/ruff/ruff-0.15.4-py3-none-manylinux_2_17_x86_64.manylinux2014_x86_64.whl", hash = "sha256:451a2e224151729b3b6c9ffb36aed9091b2996fe4bdbd11f47e27d8f2e8888ec" },
    { url = "https://us-central1-python.pkg.dev/zge-main/zge-python-repo/ruff/ruff-0.15.4-py3-none-manylinux_2_31_riscv64.whl", hash = "sha256:a8f157f2e583c513c4f5f896163a93198297371f34c04220daf40d133fdd4f7f" },
    { url = "https://us-central1-python.pkg.dev/zge-main/zge-python-repo/ruff/ruff-0.15.4-py3-none-musllinux_1_2_aarch64.whl", hash = "sha256:917cc68503357021f541e69b35361c99387cdbbf99bd0ea4aa6f28ca99ff5338" },
    { url = "https://us-central1-python.pkg.dev/zge-main/zge-python-repo/ruff/ruff-0.15.4-py3-none-musllinux_1_2_armv7l.whl", hash = "sha256:e9737c8161da79fd7cfec19f1e35620375bd8b2a50c3e77fa3d2c16f574105cc" },
    { url = "https://us-central1-python.pkg.dev/zge-main/zge-python-repo/ruff/ruff-0.15.4-py3-none-musllinux_1_2_i686.whl", hash = "sha256:291258c917539e18f6ba40482fe31d6f5ac023994ee11d7bdafd716f2aab8a68" },
    { url = "https://us-central1-python.pkg.dev/zge-main/zge-python-repo/ruff/ruff-0.15.4-py3-none-musllinux_1_2_x86_64.whl", hash = "sha256:3f83c45911da6f2cd5936c436cf86b9f09f09165f033a99dcf7477e34041cbc3" },
    { url = "https://us-central1-python.pkg.dev/zge-main/zge-python-repo/ruff/ruff-0.15.4-py3-none-win32.whl", hash = "sha256:65594a2d557d4ee9f02834fcdf0a28daa8b3b9f6cb2cb93846025a36db47ef22" },
    { url = "https://us-central1-python.pkg.dev/zge-main/zge-python-repo/ruff/ruff-0.15.4-py3-none-win_amd64.whl", hash = "sha256:04196ad44f0df220c2ece5b0e959c2f37c777375ec744397d21d15b50a75264f" },
    { url = "https://us-central1-python.pkg.dev/zge-main/zge-python-repo/ruff/ruff-0.15.4-py3-none-win_arm64.whl", hash = "sha256:60d5177e8cfc70e51b9c5fad936c634872a74209f934c1e79107d11787ad5453" },
]

[[package]]
name = "scipy"
version = "1.17.1"
source = { registry = "https://us-central1-python.pkg.dev/zge-main/zge-python-repo/simple/" }
dependencies = [
    { name = "numpy" },
]
sdist = { url = "https://us-central1-python.pkg.dev/zge-main/zge-python-repo/scipy/scipy-1.17.1.tar.gz", hash = "sha256:95d8e012d8cb8816c226aef832200b1d45109ed4464303e997c5b13122b297c0" }
wheels = [
    { url = "https://us-central1-python.pkg.dev/zge-main/zge-python-repo/scipy/scipy-1.17.1-cp312-cp312-macosx_10_14_x86_64.whl", hash = "sha256:35c3a56d2ef83efc372eaec584314bd0ef2e2f0d2adb21c55e6ad5b344c0dcb8" },
    { url = "https://us-central1-python.pkg.dev/zge-main/zge-python-repo/scipy/scipy-1.17.1-cp312-cp312-macosx_12_0_arm64.whl", hash = "sha256:fcb310ddb270a06114bb64bbe53c94926b943f5b7f0842194d585c65eb4edd76" },
    { url = "https://us-central1-python.pkg.dev/zge-main/zge-python-repo/scipy/scipy-1.17.1-cp312-cp312-macosx_14_0_arm64.whl", hash = "sha256:cc90d2e9c7e5c7f1a482c9875007c095c3194b1cfedca3c2f3291cdc2bc7c086" },
    { url = "https://us-central1-python.pkg.dev/zge-main/zge-python-repo/scipy/scipy-1.17.1-cp312-cp312-macosx_14_0_x86_64.whl", hash = "sha256:c80be5ede8f3f8eded4eff73cc99a25c388ce98e555b17d31da05287015ffa5b" },
    { url = "https://us-central1-python.pkg.dev/zge-main/zge-python-repo/scipy/scipy-1.17.1-cp312-cp312-manylinux_2_27_aarch64.manylinux_2_28_aarch64.whl", hash = "sha256:e19ebea31758fac5893a2ac360fedd00116cbb7628e650842a6691ba7ca28a21" },
    { url = "https://us-central1-python.pkg.dev/zge-main/zge-python-repo/scipy/scipy-1.17.1-cp312-cp312-manylinux_2_27_x86_64.manylinux_2_28_x86_64.whl", hash = "sha256:02ae3b274fde71c5e92ac4d54bc06c42d80e399fec704383dcd99b301df37458" },
    { url = "https://us-central1-python.pkg.dev/zge-main/zge-python-repo/scipy/scipy-1.17.1-cp312-cp312-musllinux_1_2_aarch64.whl", hash = "sha256:8a604bae87c6195d8b1045eddece0514d041604b14f2727bbc2b3020172045eb" },
    { url = "https://us-central1-python.pkg.dev/zge-main/zge-python-repo/scipy/scipy-1.17.1-cp312-cp312-musllinux_1_2_x86_64.whl", hash = "sha256:f590cd684941912d10becc07325a3eeb77886fe981415660d9265c4c418d0bea" },
    { url = "https://us-central1-python.pkg.dev/zge-main/zge-python-repo/scipy/scipy-1.17.1-cp312-cp312-win_amd64.whl", hash = "sha256:41b71f4a3a4cab9d366cd9065b288efc4d4f3c0b37a91a8e0947fb5bd7f31d87" },
    { url = "https://us-central1-python.pkg.dev/zge-main/zge-python-repo/scipy/scipy-1.17.1-cp312-cp312-win_arm64.whl", hash = "sha256:f4115102802df98b2b0db3cce5cb9b92572633a1197c77b7553e5203f284a5b3" },
    { url = "https://us-central1-python.pkg.dev/zge-main/zge-python-repo/scipy/scipy-1.17.1-cp313-cp313-macosx_10_14_x86_64.whl", hash = "sha256:5e3c5c011904115f88a39308379c17f91546f77c1667cea98739fe0fccea804c" },
    { url = "https://us-central1-python.pkg.dev/zge-main/zge-python-repo/scipy/scipy-1.17.1-cp313-cp313-macosx_12_0_arm64.whl", hash = "sha256:6fac755ca3d2c3edcb22f479fceaa241704111414831ddd3bc6056e18516892f" },
    { url = "https://us-central1-python.pkg.dev/zge-main/zge-python-repo/scipy/scipy-1.17.1-cp313-cp313-macosx_14_0_arm64.whl", hash = "sha256:7ff200bf9d24f2e4d5dc6ee8c3ac64d739d3a89e2326ba68aaf6c4a2b838fd7d" },
    { url = "https://us-central1-python.pkg.dev/zge-main/zge-python-repo/scipy/scipy-1.17.1-cp313-cp313-macosx_14_0_x86_64.whl", hash = "sha256:4b400bdc6f79fa02a4d86640310dde87a21fba0c979efff5248908c6f15fad1b" },
    { url = "https://us-central1-python.pkg.dev/zge-main/zge-python-repo/scipy/scipy-1.17.1-cp313-cp313-manylinux_2_27_aarch64.manylinux_2_28_aarch64.whl", hash = "sha256:2b64ca7d4aee0102a97f3ba22124052b4bd2152522355073580bf4845e2550b6" },
    { url = "https://us-central1-python.pkg.dev/zge-main/zge-python-repo/scipy/scipy-1.17.1-cp313-cp313-manylinux_2_27_x86_64.manylinux_2_28_x86_64.whl", hash = "sha256:581b2264fc0aa555f3f435a5944da7504ea3a065d7029ad60e7c3d1ae09c5464" },
    { url = "https://us-central1-python.pkg.dev/zge-main/zge-python-repo/scipy/scipy-1.17.1-cp313-cp313-musllinux_1_2_aarch64.whl", hash = "sha256:beeda3d4ae615106d7094f7e7cef6218392e4465cc95d25f900bebabfded0950" },
    { url = "https://us-central1-python.pkg.dev/zge-main/zge-python-repo/scipy/scipy-1.17.1-cp313-cp313-musllinux_1_2_x86_64.whl", hash = "sha256:6609bc224e9568f65064cfa72edc0f24ee6655b47575954ec6339534b2798369" },
    { url = "https://us-central1-python.pkg.dev/zge-main/zge-python-repo/scipy/scipy-1.17.1-cp313-cp313-win_amd64.whl", hash = "sha256:37425bc9175607b0268f493d79a292c39f9d001a357bebb6b88fdfaff13f6448" },
    { url = "https://us-central1-python.pkg.dev/zge-main/zge-python-repo/scipy/scipy-1.17.1-cp313-cp313-win_arm64.whl", hash = "sha256:5cf36e801231b6a2059bf354720274b7558746f3b1a4efb43fcf557ccd484a87" },
    { url = "https://us-central1-python.pkg.dev/zge-main/zge-python-repo/scipy/scipy-1.17.1-cp313-cp313t-macosx_10_14_x86_64.whl", hash = "sha256:d59c30000a16d8edc7e64152e30220bfbd724c9bbb08368c054e24c651314f0a" },
    { url = "https://us-central1-python.pkg.dev/zge-main/zge-python-repo/scipy/scipy-1.17.1-cp313-cp313t-macosx_12_0_arm64.whl", hash = "sha256:010f4333c96c9bb1a4516269e33cb5917b08ef2166d5556ca2fd9f082a9e6ea0" },
    { url = "https://us-central1-python.pkg.dev/zge-main/zge-python-repo/scipy/scipy-1.17.1-cp313-cp313t-macosx_14_0_arm64.whl", hash = "sha256:2ceb2d3e01c5f1d83c4189737a42d9cb2fc38a6eeed225e7515eef71ad301dce" },
    { url = "https://us-central1-python.pkg.dev/zge-main/zge-python-repo/scipy/scipy-1.17.1-cp313-cp313t-macosx_14_0_x86_64.whl", hash = "sha256:844e165636711ef41f80b4103ed234181646b98a53c8f05da12ca5ca289134f6" },
    { url = "https://us-central1-python.pkg.dev/zge-main/zge-python-repo/scipy/scipy-1.17.1-cp313-cp313t-manylinux_2_27_aarch64.manylinux_2_28_aarch64.whl", hash = "sha256:158dd96d2207e21c966063e1635b1063cd7787b627b6f07305315dd73d9c679e" },
    { url = "https://us-central1-python.pkg.dev/zge-main/zge-python-repo/scipy/scipy-1.17.1-cp313-cp313t-manylinux_2_27_x86_64.manylinux_2_28_x86_64.whl", hash = "sha256:74cbb80d93260fe2ffa334efa24cb8f2f0f622a9b9febf8b483c0b865bfb3475" },
    { url = "https://us-central1-python.pkg.dev/zge-main/zge-python-repo/scipy/scipy-1.17.1-cp313-cp313t-musllinux_1_2_aarch64.whl", hash = "sha256:dbc12c9f3d185f5c737d801da555fb74b3dcfa1a50b66a1a93e09190f41fab50" },
    { url = "https://us-central1-python.pkg.dev/zge-main/zge-python-repo/scipy/scipy-1.17.1-cp313-cp313t-musllinux_1_2_x86_64.whl", hash = "sha256:94055a11dfebe37c656e70317e1996dc197e1a15bbcc351bcdd4610e128fe1ca" },
    { url = "https://us-central1-python.pkg.dev/zge-main/zge-python-repo/scipy/scipy-1.17.1-cp313-cp313t-win_amd64.whl", hash = "sha256:e30bdeaa5deed6bc27b4cc490823cd0347d7dae09119b8803ae576ea0ce52e4c" },
    { url = "https://us-central1-python.pkg.dev/zge-main/zge-python-repo/scipy/scipy-1.17.1-cp313-cp313t-win_arm64.whl", hash = "sha256:a720477885a9d2411f94a93d16f9d89bad0f28ca23c3f8daa521e2dcc3f44d49" },
    { url = "https://us-central1-python.pkg.dev/zge-main/zge-python-repo/scipy/scipy-1.17.1-cp314-cp314-macosx_10_14_x86_64.whl", hash = "sha256:a48a72c77a310327f6a3a920092fa2b8fd03d7deaa60f093038f22d98e096717" },
    { url = "https://us-central1-python.pkg.dev/zge-main/zge-python-repo/scipy/scipy-1.17.1-cp314-cp314-macosx_12_0_arm64.whl", hash = "sha256:45abad819184f07240d8a696117a7aacd39787af9e0b719d00285549ed19a1e9" },
    { url = "https://us-central1-python.pkg.dev/zge-main/zge-python-repo/scipy/scipy-1.17.1-cp314-cp314-macosx_14_0_arm64.whl", hash = "sha256:3fd1fcdab3ea951b610dc4cef356d416d5802991e7e32b5254828d342f7b7e0b" },
    { url = "https://us-central1-python.pkg.dev/zge-main/zge-python-repo/scipy/scipy-1.17.1-cp314-cp314-macosx_14_0_x86_64.whl", hash = "sha256:7bdf2da170b67fdf10bca777614b1c7d96ae3ca5794fd9587dce41eb2966e866" },
    { url = "https://us-central1-python.pkg.dev/zge-main/zge-python-repo/scipy/scipy-1.17.1-cp314-cp314-manylinux_2_27_aarch64.manylinux_2_28_aarch64.whl", hash = "sha256:adb2642e060a6549c343603a3851ba76ef0b74cc8c079a9a58121c7ec9fe2350" },
    { url = "https://us-central1-python.pkg.dev/zge-main/zge-python-repo/scipy/scipy-1.17.1-cp314-cp314-manylinux_2_27_x86_64.manylinux_2_28_x86_64.whl", hash = "sha256:eee2cfda04c00a857206a4330f0c5e3e56535494e30ca445eb19ec624ae75118" },
    { url = "https://us-central1-python.pkg.dev/zge-main/zge-python-repo/scipy/scipy-1.17.1-cp314-cp314-musllinux_1_2_aarch64.whl", hash = "sha256:d2650c1fb97e184d12d8ba010493ee7b322864f7d3d00d3f9bb97d9c21de4068" },
    { url = "https://us-central1-python.pkg.dev/zge-main/zge-python-repo/scipy/scipy-1.17.1-cp314-cp314-musllinux_1_2_x86_64.whl", hash = "sha256:08b900519463543aa604a06bec02461558a6e1cef8fdbb8098f77a48a83c8118" },
    { url = "https://us-central1-python.pkg.dev/zge-main/zge-python-repo/scipy/scipy-1.17.1-cp314-cp314-win_amd64.whl", hash = "sha256:3877ac408e14da24a6196de0ddcace62092bfc12a83823e92e49e40747e52c19" },
    { url = "https://us-central1-python.pkg.dev/zge-main/zge-python-repo/scipy/scipy-1.17.1-cp314-cp314-win_arm64.whl", hash = "sha256:f8885db0bc2bffa59d5c1b72fad7a6a92d3e80e7257f967dd81abb553a90d293" },
    { url = "https://us-central1-python.pkg.dev/zge-main/zge-python-repo/scipy/scipy-1.17.1-cp314-cp314t-macosx_10_14_x86_64.whl", hash = "sha256:1cc682cea2ae55524432f3cdff9e9a3be743d52a7443d0cba9017c23c87ae2f6" },
    { url = "https://us-central1-python.pkg.dev/zge-main/zge-python-repo/scipy/scipy-1.17.1-cp314-cp314t-macosx_12_0_arm64.whl", hash = "sha256:2040ad4d1795a0ae89bfc7e8429677f365d45aa9fd5e4587cf1ea737f927b4a1" },
    { url = "https://us-central1-python.pkg.dev/zge-main/zge-python-repo/scipy/scipy-1.17.1-cp314-cp314t-macosx_14_0_arm64.whl", hash = "sha256:131f5aaea57602008f9822e2115029b55d4b5f7c070287699fe45c661d051e39" },
    { url = "https://us-central1-python.pkg.dev/zge-main/zge-python-repo/scipy/scipy-1.17.1-cp314-cp314t-macosx_14_0_x86_64.whl", hash = "sha256:9cdc1a2fcfd5c52cfb3045feb399f7b3ce822abdde3a193a6b9a60b3cb5854ca" },
    { url = "https://us-central1-python.pkg.dev/zge-main/zge-python-repo/scipy/scipy-1.17.1-cp314-cp314t-manylinux_2_27_aarch64.manylinux_2_28_aarch64.whl", hash = "sha256:6e3dcd57ab780c741fde8dc68619de988b966db759a3c3152e8e9142c26295ad" },
    { url = "https://us-central1-python.pkg.dev/zge-main/zge-python-repo/scipy/scipy-1.17.1-cp314-cp314t-manylinux_2_27_x86_64.manylinux_2_28_x86_64.whl", hash = "sha256:a9956e4d4f4a301ebf6cde39850333a6b6110799d470dbbb1e25326ac447f52a" },
    { url = "https://us-central1-python.pkg.dev/zge-main/zge-python-repo/scipy/scipy-1.17.1-cp314-cp314t-musllinux_1_2_aarch64.whl", hash = "sha256:a4328d245944d09fd639771de275701ccadf5f781ba0ff092ad141e017eccda4" },
    { url = "https://us-central1-python.pkg.dev/zge-main/zge-python-repo/scipy/scipy-1.17.1-cp314-cp314t-musllinux_1_2_x86_64.whl", hash = "sha256:a77cbd07b940d326d39a1d1b37817e2ee4d79cb30e7338f3d0cddffae70fcaa2" },
    { url = "https://us-central1-python.pkg.dev/zge-main/zge-python-repo/scipy/scipy-1.17.1-cp314-cp314t-win_amd64.whl", hash = "sha256:eb092099205ef62cd1782b006658db09e2fed75bffcae7cc0d44052d8aa0f484" },
    { url = "https://us-central1-python.pkg.dev/zge-main/zge-python-repo/scipy/scipy-1.17.1-cp314-cp314t-win_arm64.whl", hash = "sha256:200e1050faffacc162be6a486a984a0497866ec54149a01270adc8a59b7c7d21" },
]
